
Microsoft Visual Studio Solution File, Format Version 12.00
# Visual Studio 2013
VisualStudioVersion = 12.0.31101.0
MinimumVisualStudioVersion = 10.0.40219.1
Project("{FAE04EC0-301F-11D3-BF4B-00C04F79EFBC}") = "Aquarium", "Aquarium\Aquarium.csproj", "{9036F1B9-0CE6-4231-AF49-7AAC25010F2E}"
EndProject
Project("{2150E333-8FDC-42A3-9474-1A3956D46DE8}") = "TestServices", "TestServices", "{BD04E82A-0776-4D4F-B685-14766223A746}"
EndProject
Project("{FAE04EC0-301F-11D3-BF4B-00C04F79EFBC}") = "OctopusDemoService", "OctopusDemoService\OctopusDemoService.csproj", "{8E30D55D-1BBB-454A-9FB9-4AEB7BFA6A55}"
EndProject
Project("{FAE04EC0-301F-11D3-BF4B-00C04F79EFBC}") = "SeaSnakeDemoService", "SeaSnakeDemoService\SeaSnakeDemoService.csproj", "{B9DBD94B-255F-41AB-B239-E4FF6444DE63}"
EndProject
Project("{FAE04EC0-301F-11D3-BF4B-00C04F79EFBC}") = "TriggerFishDemoService", "TriggerFishDemoService\TriggerFishDemoService.csproj", "{85AFCE2E-7C47-429A-9C25-03E75E98016F}"
EndProject
Global
	GlobalSection(SolutionConfigurationPlatforms) = preSolution
		Debug|Any CPU = Debug|Any CPU
		Release|Any CPU = Release|Any CPU
	EndGlobalSection
	GlobalSection(ProjectConfigurationPlatforms) = postSolution
		{9036F1B9-0CE6-4231-AF49-7AAC25010F2E}.Debug|Any CPU.ActiveCfg = Debug|Any CPU
		{9036F1B9-0CE6-4231-AF49-7AAC25010F2E}.Debug|Any CPU.Build.0 = Debug|Any CPU
		{9036F1B9-0CE6-4231-AF49-7AAC25010F2E}.Release|Any CPU.ActiveCfg = Release|Any CPU
		{9036F1B9-0CE6-4231-AF49-7AAC25010F2E}.Release|Any CPU.Build.0 = Release|Any CPU
		{8E30D55D-1BBB-454A-9FB9-4AEB7BFA6A55}.Debug|Any CPU.ActiveCfg = Debug|Any CPU
		{8E30D55D-1BBB-454A-9FB9-4AEB7BFA6A55}.Debug|Any CPU.Build.0 = Debug|Any CPU
		{8E30D55D-1BBB-454A-9FB9-4AEB7BFA6A55}.Release|Any CPU.ActiveCfg = Release|Any CPU
		{8E30D55D-1BBB-454A-9FB9-4AEB7BFA6A55}.Release|Any CPU.Build.0 = Release|Any CPU
		{B9DBD94B-255F-41AB-B239-E4FF6444DE63}.Debug|Any CPU.ActiveCfg = Debug|Any CPU
		{B9DBD94B-255F-41AB-B239-E4FF6444DE63}.Debug|Any CPU.Build.0 = Debug|Any CPU
		{B9DBD94B-255F-41AB-B239-E4FF6444DE63}.Release|Any CPU.ActiveCfg = Release|Any CPU
		{B9DBD94B-255F-41AB-B239-E4FF6444DE63}.Release|Any CPU.Build.0 = Release|Any CPU
		{85AFCE2E-7C47-429A-9C25-03E75E98016F}.Debug|Any CPU.ActiveCfg = Debug|Any CPU
		{85AFCE2E-7C47-429A-9C25-03E75E98016F}.Debug|Any CPU.Build.0 = Debug|Any CPU
		{85AFCE2E-7C47-429A-9C25-03E75E98016F}.Release|Any CPU.ActiveCfg = Release|Any CPU
		{85AFCE2E-7C47-429A-9C25-03E75E98016F}.Release|Any CPU.Build.0 = Release|Any CPU
	EndGlobalSection
	GlobalSection(SolutionProperties) = preSolution
		HideSolutionNode = FALSE
	EndGlobalSection
	GlobalSection(NestedProjects) = preSolution
		{8E30D55D-1BBB-454A-9FB9-4AEB7BFA6A55} = {BD04E82A-0776-4D4F-B685-14766223A746}
		{B9DBD94B-255F-41AB-B239-E4FF6444DE63} = {BD04E82A-0776-4D4F-B685-14766223A746}
		{85AFCE2E-7C47-429A-9C25-03E75E98016F} = {BD04E82A-0776-4D4F-B685-14766223A746}
	EndGlobalSection
EndGlobal
